
Microsoft Visual Studio Solution File, Format Version 12.00
# Visual Studio Version 17
VisualStudioVersion = 17.5.33424.131
MinimumVisualStudioVersion = 10.0.40219.1
Project("{FAE04EC0-301F-11D3-BF4B-00C04F79EFBC}") = "Etickets_", "Etickets_\Etickets_.csproj", "{54B09C48-34D1-43C9-959E-0026ADFB7DAE}"
EndProject
Global
	GlobalSection(SolutionConfigurationPlatforms) = preSolution
		Debug|Any CPU = Debug|Any CPU
		Release|Any CPU = Release|Any CPU
	EndGlobalSection
	GlobalSection(ProjectConfigurationPlatforms) = postSolution
		{54B09C48-34D1-43C9-959E-0026ADFB7DAE}.Debug|Any CPU.ActiveCfg = Debug|Any CPU
		{54B09C48-34D1-43C9-959E-0026ADFB7DAE}.Debug|Any CPU.Build.0 = Debug|Any CPU
		{54B09C48-34D1-43C9-959E-0026ADFB7DAE}.Release|Any CPU.ActiveCfg = Release|Any CPU
		{54B09C48-34D1-43C9-959E-0026ADFB7DAE}.Release|Any CPU.Build.0 = Release|Any CPU
	EndGlobalSection
	GlobalSection(SolutionProperties) = preSolution
		HideSolutionNode = FALSE
	EndGlobalSection
	GlobalSection(ExtensibilityGlobals) = postSolution
		SolutionGuid = {5F1D20FD-2EA6-4FAA-981E-465CA1010146}
	EndGlobalSection
EndGlobal
